// !$*UTF8*$!
{
	archiveVersion = 1;
	classes = {
	};
	objectVersion = 50;
	objects = {

/* Begin PBXBuildFile section */
		3B1E6644213DD62D0019CFB7 /* AppDelegate.swift in Sources */ = {isa = PBXBuildFile; fileRef = 3B1E6643213DD62D0019CFB7 /* AppDelegate.swift */; };
		3B1E6649213DD62D0019CFB7 /* Main.storyboard in Resources */ = {isa = PBXBuildFile; fileRef = 3B1E6647213DD62D0019CFB7 /* Main.storyboard */; };
		3B1E664B213DD62E0019CFB7 /* Assets.xcassets in Resources */ = {isa = PBXBuildFile; fileRef = 3B1E664A213DD62E0019CFB7 /* Assets.xcassets */; };
		3B1E664E213DD62E0019CFB7 /* LaunchScreen.storyboard in Resources */ = {isa = PBXBuildFile; fileRef = 3B1E664C213DD62E0019CFB7 /* LaunchScreen.storyboard */; };
		3B1E665B213DDCE30019CFB7 /* File.swift in Sources */ = {isa = PBXBuildFile; fileRef = 3B1E665A213DDCE30019CFB7 /* File.swift */; };
		3B1E665D213DE0C40019CFB7 /* StatesList.swift in Sources */ = {isa = PBXBuildFile; fileRef = 3B1E665C213DE0C40019CFB7 /* StatesList.swift */; };
		3B1E665F213DE63E0019CFB7 /* StateListTableViewController.swift in Sources */ = {isa = PBXBuildFile; fileRef = 3B1E665E213DE63E0019CFB7 /* StateListTableViewController.swift */; };
		3B1E6661213DE64E0019CFB7 /* RepresentativeListTableViewController.swift in Sources */ = {isa = PBXBuildFile; fileRef = 3B1E6660213DE64E0019CFB7 /* RepresentativeListTableViewController.swift */; };
		3B1E6663213DE65F0019CFB7 /* DetailsViewController.swift in Sources */ = {isa = PBXBuildFile; fileRef = 3B1E6662213DE65F0019CFB7 /* DetailsViewController.swift */; };
		3B1E6665213DE7000019CFB7 /* RepModelController.swift in Sources */ = {isa = PBXBuildFile; fileRef = 3B1E6664213DE7000019CFB7 /* RepModelController.swift */; };
/* End PBXBuildFile section */

/* Begin PBXFileReference section */
		3B1E6640213DD62D0019CFB7 /* whosMyRep.app */ = {isa = PBXFileReference; explicitFileType = wrapper.application; includeInIndex = 0; path = whosMyRep.app; sourceTree = BUILT_PRODUCTS_DIR; };
		3B1E6643213DD62D0019CFB7 /* AppDelegate.swift */ = {isa = PBXFileReference; lastKnownFileType = sourcecode.swift; path = AppDelegate.swift; sourceTree = "<group>"; };
		3B1E6648213DD62D0019CFB7 /* Base */ = {isa = PBXFileReference; lastKnownFileType = file.storyboard; name = Base; path = Base.lproj/Main.storyboard; sourceTree = "<group>"; };
		3B1E664A213DD62E0019CFB7 /* Assets.xcassets */ = {isa = PBXFileReference; lastKnownFileType = folder.assetcatalog; path = Assets.xcassets; sourceTree = "<group>"; };
		3B1E664D213DD62E0019CFB7 /* Base */ = {isa = PBXFileReference; lastKnownFileType = file.storyboard; name = Base; path = Base.lproj/LaunchScreen.storyboard; sourceTree = "<group>"; };
		3B1E664F213DD62E0019CFB7 /* Info.plist */ = {isa = PBXFileReference; lastKnownFileType = text.plist.xml; path = Info.plist; sourceTree = "<group>"; };
		3B1E665A213DDCE30019CFB7 /* File.swift */ = {isa = PBXFileReference; lastKnownFileType = sourcecode.swift; path = File.swift; sourceTree = "<group>"; };
		3B1E665C213DE0C40019CFB7 /* StatesList.swift */ = {isa = PBXFileReference; lastKnownFileType = sourcecode.swift; path = StatesList.swift; sourceTree = "<group>"; };
		3B1E665E213DE63E0019CFB7 /* StateListTableViewController.swift */ = {isa = PBXFileReference; lastKnownFileType = sourcecode.swift; path = StateListTableViewController.swift; sourceTree = "<group>"; };
		3B1E6660213DE64E0019CFB7 /* RepresentativeListTableViewController.swift */ = {isa = PBXFileReference; lastKnownFileType = sourcecode.swift; path = RepresentativeListTableViewController.swift; sourceTree = "<group>"; };
		3B1E6662213DE65F0019CFB7 /* DetailsViewController.swift */ = {isa = PBXFileReference; lastKnownFileType = sourcecode.swift; path = DetailsViewController.swift; sourceTree = "<group>"; };
		3B1E6664213DE7000019CFB7 /* RepModelController.swift */ = {isa = PBXFileReference; lastKnownFileType = sourcecode.swift; path = RepModelController.swift; sourceTree = "<group>"; };
/* End PBXFileReference section */

/* Begin PBXFrameworksBuildPhase section */
		3B1E663D213DD62D0019CFB7 /* Frameworks */ = {
			isa = PBXFrameworksBuildPhase;
			buildActionMask = 2147483647;
			files = (
			);
			runOnlyForDeploymentPostprocessing = 0;
		};
/* End PBXFrameworksBuildPhase section */

/* Begin PBXGroup section */
		3B1E6637213DD62D0019CFB7 = {
			isa = PBXGroup;
			children = (
				3B1E6642213DD62D0019CFB7 /* whosMyRep */,
				3B1E6641213DD62D0019CFB7 /* Products */,
			);
			sourceTree = "<group>";
		};
		3B1E6641213DD62D0019CFB7 /* Products */ = {
			isa = PBXGroup;
			children = (
				3B1E6640213DD62D0019CFB7 /* whosMyRep.app */,
			);
			name = Products;
			sourceTree = "<group>";
		};
		3B1E6642213DD62D0019CFB7 /* whosMyRep */ = {
			isa = PBXGroup;
			children = (
				3B1E6659213DDABB0019CFB7 /* ModelController */,
				3B1E6658213DDAA00019CFB7 /* ViewController */,
				3B1E6657213DDA9B0019CFB7 /* Model */,
				3B1E6655213DDA740019CFB7 /* UI */,
				3B1E6656213DDA830019CFB7 /* Resources */,
			);
			path = whosMyRep;
			sourceTree = "<group>";
		};
		3B1E6655213DDA740019CFB7 /* UI */ = {
			isa = PBXGroup;
			children = (
				3B1E6647213DD62D0019CFB7 /* Main.storyboard */,
			);
			path = UI;
			sourceTree = "<group>";
		};
		3B1E6656213DDA830019CFB7 /* Resources */ = {
			isa = PBXGroup;
			children = (
				3B1E6643213DD62D0019CFB7 /* AppDelegate.swift */,
				3B1E664A213DD62E0019CFB7 /* Assets.xcassets */,
				3B1E664C213DD62E0019CFB7 /* LaunchScreen.storyboard */,
				3B1E664F213DD62E0019CFB7 /* Info.plist */,
			);
			path = Resources;
			sourceTree = "<group>";
		};
		3B1E6657213DDA9B0019CFB7 /* Model */ = {
			isa = PBXGroup;
			children = (
				3B1E665A213DDCE30019CFB7 /* File.swift */,
				3B1E665C213DE0C40019CFB7 /* StatesList.swift */,
			);
			path = Model;
			sourceTree = "<group>";
		};
		3B1E6658213DDAA00019CFB7 /* ViewController */ = {
			isa = PBXGroup;
			children = (
				3B1E665E213DE63E0019CFB7 /* StateListTableViewController.swift */,
				3B1E6660213DE64E0019CFB7 /* RepresentativeListTableViewController.swift */,
				3B1E6662213DE65F0019CFB7 /* DetailsViewController.swift */,
			);
			path = ViewController;
			sourceTree = "<group>";
		};
		3B1E6659213DDABB0019CFB7 /* ModelController */ = {
			isa = PBXGroup;
			children = (
				3B1E6664213DE7000019CFB7 /* RepModelController.swift */,
			);
			path = ModelController;
			sourceTree = "<group>";
		};
/* End PBXGroup section */

/* Begin PBXNativeTarget section */
		3B1E663F213DD62D0019CFB7 /* whosMyRep */ = {
			isa = PBXNativeTarget;
			buildConfigurationList = 3B1E6652213DD62E0019CFB7 /* Build configuration list for PBXNativeTarget "whosMyRep" */;
			buildPhases = (
				3B1E663C213DD62D0019CFB7 /* Sources */,
				3B1E663D213DD62D0019CFB7 /* Frameworks */,
				3B1E663E213DD62D0019CFB7 /* Resources */,
			);
			buildRules = (
			);
			dependencies = (
			);
			name = whosMyRep;
			productName = whosMyRep;
			productReference = 3B1E6640213DD62D0019CFB7 /* whosMyRep.app */;
			productType = "com.apple.product-type.application";
		};
/* End PBXNativeTarget section */

/* Begin PBXProject section */
		3B1E6638213DD62D0019CFB7 /* Project object */ = {
			isa = PBXProject;
			attributes = {
				LastSwiftUpdateCheck = 0940;
				LastUpgradeCheck = 0940;
				ORGANIZATIONNAME = "Kamil Wrobel";
				TargetAttributes = {
					3B1E663F213DD62D0019CFB7 = {
						CreatedOnToolsVersion = 9.4.1;
					};
				};
			};
			buildConfigurationList = 3B1E663B213DD62D0019CFB7 /* Build configuration list for PBXProject "whosMyRep" */;
			compatibilityVersion = "Xcode 9.3";
			developmentRegion = en;
			hasScannedForEncodings = 0;
			knownRegions = (
				en,
				Base,
			);
			mainGroup = 3B1E6637213DD62D0019CFB7;
			productRefGroup = 3B1E6641213DD62D0019CFB7 /* Products */;
			projectDirPath = "";
			projectRoot = "";
			targets = (
				3B1E663F213DD62D0019CFB7 /* whosMyRep */,
			);
		};
/* End PBXProject section */

/* Begin PBXResourcesBuildPhase section */
		3B1E663E213DD62D0019CFB7 /* Resources */ = {
			isa = PBXResourcesBuildPhase;
			buildActionMask = 2147483647;
			files = (
				3B1E664E213DD62E0019CFB7 /* LaunchScreen.storyboard in Resources */,
				3B1E664B213DD62E0019CFB7 /* Assets.xcassets in Resources */,
				3B1E6649213DD62D0019CFB7 /* Main.storyboard in Resources */,
			);
			runOnlyForDeploymentPostprocessing = 0;
		};
/* End PBXResourcesBuildPhase section */

/* Begin PBXSourcesBuildPhase section */
		3B1E663C213DD62D0019CFB7 /* Sources */ = {
			isa = PBXSourcesBuildPhase;
			buildActionMask = 2147483647;
			files = (
				3B1E6661213DE64E0019CFB7 /* RepresentativeListTableViewController.swift in Sources */,
				3B1E665D213DE0C40019CFB7 /* StatesList.swift in Sources */,
				3B1E665F213DE63E0019CFB7 /* StateListTableViewController.swift in Sources */,
				3B1E6665213DE7000019CFB7 /* RepModelController.swift in Sources */,
				3B1E6644213DD62D0019CFB7 /* AppDelegate.swift in Sources */,
				3B1E665B213DDCE30019CFB7 /* File.swift in Sources */,
				3B1E6663213DE65F0019CFB7 /* DetailsViewController.swift in Sources */,
			);
			runOnlyForDeploymentPostprocessing = 0;
		};
/* End PBXSourcesBuildPhase section */

/* Begin PBXVariantGroup section */
		3B1E6647213DD62D0019CFB7 /* Main.storyboard */ = {
			isa = PBXVariantGroup;
			children = (
				3B1E6648213DD62D0019CFB7 /* Base */,
			);
			name = Main.storyboard;
			sourceTree = "<group>";
		};
		3B1E664C213DD62E0019CFB7 /* LaunchScreen.storyboard */ = {
			isa = PBXVariantGroup;
			children = (
				3B1E664D213DD62E0019CFB7 /* Base */,
			);
			name = LaunchScreen.storyboard;
			sourceTree = "<group>";
		};
/* End PBXVariantGroup section */

/* Begin XCBuildConfiguration section */
		3B1E6650213DD62E0019CFB7 /* Debug */ = {
			isa = XCBuildConfiguration;
			buildSettings = {
				ALWAYS_SEARCH_USER_PATHS = NO;
				CLANG_ANALYZER_NONNULL = YES;
				CLANG_ANALYZER_NUMBER_OBJECT_CONVERSION = YES_AGGRESSIVE;
				CLANG_CXX_LANGUAGE_STANDARD = "gnu++14";
				CLANG_CXX_LIBRARY = "libc++";
				CLANG_ENABLE_MODULES = YES;
				CLANG_ENABLE_OBJC_ARC = YES;
				CLANG_ENABLE_OBJC_WEAK = YES;
				CLANG_WARN_BLOCK_CAPTURE_AUTORELEASING = YES;
				CLANG_WARN_BOOL_CONVERSION = YES;
				CLANG_WARN_COMMA = YES;
				CLANG_WARN_CONSTANT_CONVERSION = YES;
				CLANG_WARN_DEPRECATED_OBJC_IMPLEMENTATIONS = YES;
				CLANG_WARN_DIRECT_OBJC_ISA_USAGE = YES_ERROR;
				CLANG_WARN_DOCUMENTATION_COMMENTS = YES;
				CLANG_WARN_EMPTY_BODY = YES;
				CLANG_WARN_ENUM_CONVERSION = YES;
				CLANG_WARN_INFINITE_RECURSION = YES;
				CLANG_WARN_INT_CONVERSION = YES;
				CLANG_WARN_NON_LITERAL_NULL_CONVERSION = YES;
				CLANG_WARN_OBJC_IMPLICIT_RETAIN_SELF = YES;
				CLANG_WARN_OBJC_LITERAL_CONVERSION = YES;
				CLANG_WARN_OBJC_ROOT_CLASS = YES_ERROR;
				CLANG_WARN_RANGE_LOOP_ANALYSIS = YES;
				CLANG_WARN_STRICT_PROTOTYPES = YES;
				CLANG_WARN_SUSPICIOUS_MOVE = YES;
				CLANG_WARN_UNGUARDED_AVAILABILITY = YES_AGGRESSIVE;
				CLANG_WARN_UNREACHABLE_CODE = YES;
				CLANG_WARN__DUPLICATE_METHOD_MATCH = YES;
				CODE_SIGN_IDENTITY = "iPhone Developer";
				COPY_PHASE_STRIP = NO;
				DEBUG_INFORMATION_FORMAT = dwarf;
				ENABLE_STRICT_OBJC_MSGSEND = YES;
				ENABLE_TESTABILITY = YES;
				GCC_C_LANGUAGE_STANDARD = gnu11;
				GCC_DYNAMIC_NO_PIC = NO;
				GCC_NO_COMMON_BLOCKS = YES;
				GCC_OPTIMIZATION_LEVEL = 0;
				GCC_PREPROCESSOR_DEFINITIONS = (
					"DEBUG=1",
					"$(inherited)",
				);
				GCC_WARN_64_TO_32_BIT_CONVERSION = YES;
				GCC_WARN_ABOUT_RETURN_TYPE = YES_ERROR;
				GCC_WARN_UNDECLARED_SELECTOR = YES;
				GCC_WARN_UNINITIALIZED_AUTOS = YES_AGGRESSIVE;
				GCC_WARN_UNUSED_FUNCTION = YES;
				GCC_WARN_UNUSED_VARIABLE = YES;
				IPHONEOS_DEPLOYMENT_TARGET = 11.4;
				MTL_ENABLE_DEBUG_INFO = YES;
				ONLY_ACTIVE_ARCH = YES;
				SDKROOT = iphoneos;
				SWIFT_ACTIVE_COMPILATION_CONDITIONS = DEBUG;
				SWIFT_OPTIMIZATION_LEVEL = "-Onone";
			};
			name = Debug;
		};
		3B1E6651213DD62E0019CFB7 /* Release */ = {
			isa = XCBuildConfiguration;
			buildSettings = {
				ALWAYS_SEARCH_USER_PATHS = NO;
				CLANG_ANALYZER_NONNULL = YES;
				CLANG_ANALYZER_NUMBER_OBJECT_CONVERSION = YES_AGGRESSIVE;
				CLANG_CXX_LANGUAGE_STANDARD = "gnu++14";
				CLANG_CXX_LIBRARY = "libc++";
				CLANG_ENABLE_MODULES = YES;
				CLANG_ENABLE_OBJC_ARC = YES;
				CLANG_ENABLE_OBJC_WEAK = YES;
				CLANG_WARN_BLOCK_CAPTURE_AUTORELEASING = YES;
				CLANG_WARN_BOOL_CONVERSION = YES;
				CLANG_WARN_COMMA = YES;
				CLANG_WARN_CONSTANT_CONVERSION = YES;
				CLANG_WARN_DEPRECATED_OBJC_IMPLEMENTATIONS = YES;
				CLANG_WARN_DIRECT_OBJC_ISA_USAGE = YES_ERROR;
				CLANG_WARN_DOCUMENTATION_COMMENTS = YES;
				CLANG_WARN_EMPTY_BODY = YES;
				CLANG_WARN_ENUM_CONVERSION = YES;
				CLANG_WARN_INFINITE_RECURSION = YES;
				CLANG_WARN_INT_CONVERSION = YES;
				CLANG_WARN_NON_LITERAL_NULL_CONVERSION = YES;
				CLANG_WARN_OBJC_IMPLICIT_RETAIN_SELF = YES;
				CLANG_WARN_OBJC_LITERAL_CONVERSION = YES;
				CLANG_WARN_OBJC_ROOT_CLASS = YES_ERROR;
				CLANG_WARN_RANGE_LOOP_ANALYSIS = YES;
				CLANG_WARN_STRICT_PROTOTYPES = YES;
				CLANG_WARN_SUSPICIOUS_MOVE = YES;
				CLANG_WARN_UNGUARDED_AVAILABILITY = YES_AGGRESSIVE;
				CLANG_WARN_UNREACHABLE_CODE = YES;
				CLANG_WARN__DUPLICATE_METHOD_MATCH = YES;
				CODE_SIGN_IDENTITY = "iPhone Developer";
				COPY_PHASE_STRIP = NO;
				DEBUG_INFORMATION_FORMAT = "dwarf-with-dsym";
				ENABLE_NS_ASSERTIONS = NO;
				ENABLE_STRICT_OBJC_MSGSEND = YES;
				GCC_C_LANGUAGE_STANDARD = gnu11;
				GCC_NO_COMMON_BLOCKS = YES;
				GCC_WARN_64_TO_32_BIT_CONVERSION = YES;
				GCC_WARN_ABOUT_RETURN_TYPE = YES_ERROR;
				GCC_WARN_UNDECLARED_SELECTOR = YES;
				GCC_WARN_UNINITIALIZED_AUTOS = YES_AGGRESSIVE;
				GCC_WARN_UNUSED_FUNCTION = YES;
				GCC_WARN_UNUSED_VARIABLE = YES;
				IPHONEOS_DEPLOYMENT_TARGET = 11.4;
				MTL_ENABLE_DEBUG_INFO = NO;
				SDKROOT = iphoneos;
				SWIFT_COMPILATION_MODE = wholemodule;
				SWIFT_OPTIMIZATION_LEVEL = "-O";
				VALIDATE_PRODUCT = YES;
			};
			name = Release;
		};
		3B1E6653213DD62E0019CFB7 /* Debug */ = {
			isa = XCBuildConfiguration;
			buildSettings = {
				ASSETCATALOG_COMPILER_APPICON_NAME = AppIcon;
				CODE_SIGN_STYLE = Automatic;
				DEVELOPMENT_TEAM = 5EAUJPVR66;
				INFOPLIST_FILE = "$(SRCROOT)/whosMyRep/Resources/Info.plist";
				LD_RUNPATH_SEARCH_PATHS = (
					"$(inherited)",
					"@executable_path/Frameworks",
				);
				PRODUCT_BUNDLE_IDENTIFIER = com.xwrobelekx.whosMyRep;
				PRODUCT_NAME = "$(TARGET_NAME)";
				SWIFT_VERSION = 4.0;
				TARGETED_DEVICE_FAMILY = "1,2";
			};
			name = Debug;
		};
		3B1E6654213DD62E0019CFB7 /* Release */ = {
			isa = XCBuildConfiguration;
			buildSettings = {
				ASSETCATALOG_COMPILER_APPICON_NAME = AppIcon;
				CODE_SIGN_STYLE = Automatic;
				DEVELOPMENT_TEAM = 5EAUJPVR66;
				INFOPLIST_FILE = "$(SRCROOT)/whosMyRep/Resources/Info.plist";
				LD_RUNPATH_SEARCH_PATHS = (
					"$(inherited)",
					"@executable_path/Frameworks",
				);
				PRODUCT_BUNDLE_IDENTIFIER = com.xwrobelekx.whosMyRep;
				PRODUCT_NAME = "$(TARGET_NAME)";
				SWIFT_VERSION = 4.0;
				TARGETED_DEVICE_FAMILY = "1,2";
			};
			name = Release;
		};
/* End XCBuildConfiguration section */

/* Begin XCConfigurationList section */
		3B1E663B213DD62D0019CFB7 /* Build configuration list for PBXProject "whosMyRep" */ = {
			isa = XCConfigurationList;
			buildConfigurations = (
				3B1E6650213DD62E0019CFB7 /* Debug */,
				3B1E6651213DD62E0019CFB7 /* Release */,
			);
			defaultConfigurationIsVisible = 0;
			defaultConfigurationName = Release;
		};
		3B1E6652213DD62E0019CFB7 /* Build configuration list for PBXNativeTarget "whosMyRep" */ = {
			isa = XCConfigurationList;
			buildConfigurations = (
				3B1E6653213DD62E0019CFB7 /* Debug */,
				3B1E6654213DD62E0019CFB7 /* Release */,
			);
			defaultConfigurationIsVisible = 0;
			defaultConfigurationName = Release;
		};
/* End XCConfigurationList section */
	};
	rootObject = 3B1E6638213DD62D0019CFB7 /* Project object */;
}
